// !$*UTF8*$!
{
	archiveVersion = 1;
	classes = {
	};
	objectVersion = 56;
	objects = {

/* Begin PBXBuildFile section */
		52355B712BC45A6B0027035C /* AppDelegate.swift in Sources */ = {isa = PBXBuildFile; fileRef = 52355B702BC45A6B0027035C /* AppDelegate.swift */; };
		52355B732BC45A6B0027035C /* SceneDelegate.swift in Sources */ = {isa = PBXBuildFile; fileRef = 52355B722BC45A6B0027035C /* SceneDelegate.swift */; };
		52355B752BC45A6B0027035C /* ViewController.swift in Sources */ = {isa = PBXBuildFile; fileRef = 52355B742BC45A6B0027035C /* ViewController.swift */; };
		52355B7A2BC45A6E0027035C /* Assets.xcassets in Resources */ = {isa = PBXBuildFile; fileRef = 52355B792BC45A6E0027035C /* Assets.xcassets */; };
		52355B7D2BC45A6E0027035C /* LaunchScreen.storyboard in Resources */ = {isa = PBXBuildFile; fileRef = 52355B7B2BC45A6E0027035C /* LaunchScreen.storyboard */; };
		52355BA42BC4FA860027035C /* FlowCoordinator.swift in Sources */ = {isa = PBXBuildFile; fileRef = 52355BA32BC4FA860027035C /* FlowCoordinator.swift */; };
		52355BA62BC4FD470027035C /* AppCoordinator.swift in Sources */ = {isa = PBXBuildFile; fileRef = 52355BA52BC4FD470027035C /* AppCoordinator.swift */; };
		52355BA82BC4FE0F0027035C /* AppAssembly.swift in Sources */ = {isa = PBXBuildFile; fileRef = 52355BA72BC4FE0F0027035C /* AppAssembly.swift */; };
		52355BAC2BC4FE8C0027035C /* AuthManager.swift in Sources */ = {isa = PBXBuildFile; fileRef = 52355BAB2BC4FE8C0027035C /* AuthManager.swift */; };
		52355BB32BC50DD30027035C /* LoginPresenter.swift in Sources */ = {isa = PBXBuildFile; fileRef = 52355BAF2BC50DD20027035C /* LoginPresenter.swift */; };
		52355BB52BC50DD30027035C /* LoginViewController.swift in Sources */ = {isa = PBXBuildFile; fileRef = 52355BB12BC50DD20027035C /* LoginViewController.swift */; };
		52355BB62BC50DD30027035C /* LoginAssembly.swift in Sources */ = {isa = PBXBuildFile; fileRef = 52355BB22BC50DD20027035C /* LoginAssembly.swift */; };
		52355BBF2BC50ED30027035C /* NumberPresenter.swift in Sources */ = {isa = PBXBuildFile; fileRef = 52355BBB2BC50ED30027035C /* NumberPresenter.swift */; };
		52355BC12BC50ED30027035C /* NumberViewController.swift in Sources */ = {isa = PBXBuildFile; fileRef = 52355BBD2BC50ED30027035C /* NumberViewController.swift */; };
		52355BC22BC50ED30027035C /* NumberAssembly.swift in Sources */ = {isa = PBXBuildFile; fileRef = 52355BBE2BC50ED30027035C /* NumberAssembly.swift */; };
		52355BC72BC50EDE0027035C /* CodePresenter.swift in Sources */ = {isa = PBXBuildFile; fileRef = 52355BC32BC50EDE0027035C /* CodePresenter.swift */; };
		52355BC92BC50EDE0027035C /* CodeViewController.swift in Sources */ = {isa = PBXBuildFile; fileRef = 52355BC52BC50EDE0027035C /* CodeViewController.swift */; };
		52355BCA2BC50EDE0027035C /* CodeAssembly.swift in Sources */ = {isa = PBXBuildFile; fileRef = 52355BC62BC50EDE0027035C /* CodeAssembly.swift */; };
		52355BCF2BC50EE80027035C /* PasswordPresenter.swift in Sources */ = {isa = PBXBuildFile; fileRef = 52355BCB2BC50EE80027035C /* PasswordPresenter.swift */; };
		52355BD12BC50EE80027035C /* PasswordViewController.swift in Sources */ = {isa = PBXBuildFile; fileRef = 52355BCD2BC50EE80027035C /* PasswordViewController.swift */; };
		52355BD22BC50EE80027035C /* PasswordAssembly.swift in Sources */ = {isa = PBXBuildFile; fileRef = 52355BCE2BC50EE80027035C /* PasswordAssembly.swift */; };
		52355BD82BC51D9E0027035C /* HomePresenter.swift in Sources */ = {isa = PBXBuildFile; fileRef = 52355BD42BC51D9E0027035C /* HomePresenter.swift */; };
		52355BD92BC51D9E0027035C /* HomeRouter.swift in Sources */ = {isa = PBXBuildFile; fileRef = 52355BD52BC51D9E0027035C /* HomeRouter.swift */; };
		52355BDA2BC51D9E0027035C /* HomeViewController.swift in Sources */ = {isa = PBXBuildFile; fileRef = 52355BD62BC51D9E0027035C /* HomeViewController.swift */; };
		52355BDB2BC51D9E0027035C /* HomeAssembly.swift in Sources */ = {isa = PBXBuildFile; fileRef = 52355BD72BC51D9E0027035C /* HomeAssembly.swift */; };
		52355BDD2BC51DC90027035C /* AuthCoordinator.swift in Sources */ = {isa = PBXBuildFile; fileRef = 52355BDC2BC51DC90027035C /* AuthCoordinator.swift */; };
		52550CEF2BC56386008CE849 /* OpenAPIRuntime in Frameworks */ = {isa = PBXBuildFile; productRef = 52550CEE2BC56386008CE849 /* OpenAPIRuntime */; };
		52550CF22BC5639D008CE849 /* OpenAPIURLSession in Frameworks */ = {isa = PBXBuildFile; productRef = 52550CF12BC5639D008CE849 /* OpenAPIURLSession */; };
		52550CF62BC567C6008CE849 /* KeychainManager.swift in Sources */ = {isa = PBXBuildFile; fileRef = 52550CF52BC567C6008CE849 /* KeychainManager.swift */; };
		5269DB602BC6E559003B649E /* TabBarController.swift in Sources */ = {isa = PBXBuildFile; fileRef = 5269DB5F2BC6E559003B649E /* TabBarController.swift */; };
		5269DB662BC6E670003B649E /* SettingsPresenter.swift in Sources */ = {isa = PBXBuildFile; fileRef = 5269DB622BC6E670003B649E /* SettingsPresenter.swift */; };
		5269DB672BC6E670003B649E /* SettingsRouter.swift in Sources */ = {isa = PBXBuildFile; fileRef = 5269DB632BC6E670003B649E /* SettingsRouter.swift */; };
		5269DB682BC6E670003B649E /* SettingsViewController.swift in Sources */ = {isa = PBXBuildFile; fileRef = 5269DB642BC6E670003B649E /* SettingsViewController.swift */; };
		5269DB692BC6E670003B649E /* SettingsAssembly.swift in Sources */ = {isa = PBXBuildFile; fileRef = 5269DB652BC6E670003B649E /* SettingsAssembly.swift */; };
		527D34F82BCAAA4300BA5B0B /* TableMessageCell.swift in Sources */ = {isa = PBXBuildFile; fileRef = 527D34F72BCAAA4300BA5B0B /* TableMessageCell.swift */; };
		527D34FB2BCB965600BA5B0B /* AppColor.swift in Sources */ = {isa = PBXBuildFile; fileRef = 527D34FA2BCB965600BA5B0B /* AppColor.swift */; };
		527D35032BCBA72200BA5B0B /* PostPresenter.swift in Sources */ = {isa = PBXBuildFile; fileRef = 527D34FF2BCBA72200BA5B0B /* PostPresenter.swift */; };
		527D35042BCBA72200BA5B0B /* PostRouter.swift in Sources */ = {isa = PBXBuildFile; fileRef = 527D35002BCBA72200BA5B0B /* PostRouter.swift */; };
		527D35052BCBA72200BA5B0B /* PostViewController.swift in Sources */ = {isa = PBXBuildFile; fileRef = 527D35012BCBA72200BA5B0B /* PostViewController.swift */; };
		527D35062BCBA72200BA5B0B /* PostAssembly.swift in Sources */ = {isa = PBXBuildFile; fileRef = 527D35022BCBA72200BA5B0B /* PostAssembly.swift */; };
		527D350C2BCBAB8500BA5B0B /* NewPostPresenter.swift in Sources */ = {isa = PBXBuildFile; fileRef = 527D35082BCBAB8500BA5B0B /* NewPostPresenter.swift */; };
		527D350D2BCBAB8500BA5B0B /* NewPostRouter.swift in Sources */ = {isa = PBXBuildFile; fileRef = 527D35092BCBAB8500BA5B0B /* NewPostRouter.swift */; };
		527D350E2BCBAB8500BA5B0B /* NewPostViewController.swift in Sources */ = {isa = PBXBuildFile; fileRef = 527D350A2BCBAB8500BA5B0B /* NewPostViewController.swift */; };
		527D350F2BCBAB8500BA5B0B /* NewPostAssembly.swift in Sources */ = {isa = PBXBuildFile; fileRef = 527D350B2BCBAB8500BA5B0B /* NewPostAssembly.swift */; };
		527D35162BCBCFED00BA5B0B /* ChannelsPresenter.swift in Sources */ = {isa = PBXBuildFile; fileRef = 527D35122BCBCFED00BA5B0B /* ChannelsPresenter.swift */; };
		527D35172BCBCFED00BA5B0B /* ChannelsRouter.swift in Sources */ = {isa = PBXBuildFile; fileRef = 527D35132BCBCFED00BA5B0B /* ChannelsRouter.swift */; };
		527D35182BCBCFED00BA5B0B /* ChannelsViewController.swift in Sources */ = {isa = PBXBuildFile; fileRef = 527D35142BCBCFED00BA5B0B /* ChannelsViewController.swift */; };
		527D35192BCBCFED00BA5B0B /* ChannelsAssembly.swift in Sources */ = {isa = PBXBuildFile; fileRef = 527D35152BCBCFED00BA5B0B /* ChannelsAssembly.swift */; };
		527D351C2BCBDBAA00BA5B0B /* AlertFactory.swift in Sources */ = {isa = PBXBuildFile; fileRef = 527D351B2BCBDBAA00BA5B0B /* AlertFactory.swift */; };
		52AA95722BD2C48D001C33FD /* SnapKit-Dynamic in Frameworks */ = {isa = PBXBuildFile; productRef = 52AA95712BD2C48D001C33FD /* SnapKit-Dynamic */; };
		52AA95742BD2C4B5001C33FD /* SnapKit-Dynamic in Embed Frameworks */ = {isa = PBXBuildFile; productRef = 52AA95712BD2C48D001C33FD /* SnapKit-Dynamic */; settings = {ATTRIBUTES = (CodeSignOnCopy, ); }; };
		52AA95782BD2D3E7001C33FD /* UISettingsButton.swift in Sources */ = {isa = PBXBuildFile; fileRef = 52AA95772BD2D3E7001C33FD /* UISettingsButton.swift */; };
		52D43D602BC85ED9006ED01D /* DateViewCell.swift in Sources */ = {isa = PBXBuildFile; fileRef = 52D43D5F2BC85ED9006ED01D /* DateViewCell.swift */; };
		52D43D622BC85EFF006ED01D /* CalendarHelper.swift in Sources */ = {isa = PBXBuildFile; fileRef = 52D43D612BC85EFF006ED01D /* CalendarHelper.swift */; };
		52E770832BC653E400657E8D /* UIVerifyTextField.swift in Sources */ = {isa = PBXBuildFile; fileRef = 52E770822BC653E400657E8D /* UIVerifyTextField.swift */; };
		52E770852BC653ED00657E8D /* UIVerifyView.swift in Sources */ = {isa = PBXBuildFile; fileRef = 52E770842BC653ED00657E8D /* UIVerifyView.swift */; };
		52E770882BC6657B00657E8D /* openapi-generator-config.yaml in Resources */ = {isa = PBXBuildFile; fileRef = 52E770862BC6657B00657E8D /* openapi-generator-config.yaml */; };
		52E770892BC6657B00657E8D /* openapi.yaml in Resources */ = {isa = PBXBuildFile; fileRef = 52E770872BC6657B00657E8D /* openapi.yaml */; };
		52E7708E2BC6680500657E8D /* NetworkService.swift in Sources */ = {isa = PBXBuildFile; fileRef = 52E7708D2BC6680500657E8D /* NetworkService.swift */; };
/* End PBXBuildFile section */

/* Begin PBXCopyFilesBuildPhase section */
		52F7CE9A2BCC595C00E33B7B /* Embed Frameworks */ = {
			isa = PBXCopyFilesBuildPhase;
			buildActionMask = 2147483647;
			dstPath = "";
			dstSubfolderSpec = 10;
			files = (
				52AA95742BD2C4B5001C33FD /* SnapKit-Dynamic in Embed Frameworks */,
			);
			name = "Embed Frameworks";
			runOnlyForDeploymentPostprocessing = 0;
		};
/* End PBXCopyFilesBuildPhase section */

/* Begin PBXFileReference section */
		52355B6D2BC45A6B0027035C /* Defer.app */ = {isa = PBXFileReference; explicitFileType = wrapper.application; includeInIndex = 0; path = Defer.app; sourceTree = BUILT_PRODUCTS_DIR; };
		52355B702BC45A6B0027035C /* AppDelegate.swift */ = {isa = PBXFileReference; lastKnownFileType = sourcecode.swift; path = AppDelegate.swift; sourceTree = "<group>"; };
		52355B722BC45A6B0027035C /* SceneDelegate.swift */ = {isa = PBXFileReference; lastKnownFileType = sourcecode.swift; path = SceneDelegate.swift; sourceTree = "<group>"; };
		52355B742BC45A6B0027035C /* ViewController.swift */ = {isa = PBXFileReference; lastKnownFileType = sourcecode.swift; path = ViewController.swift; sourceTree = "<group>"; };
		52355B792BC45A6E0027035C /* Assets.xcassets */ = {isa = PBXFileReference; lastKnownFileType = folder.assetcatalog; path = Assets.xcassets; sourceTree = "<group>"; };
		52355B7C2BC45A6E0027035C /* Base */ = {isa = PBXFileReference; lastKnownFileType = file.storyboard; name = Base; path = Base.lproj/LaunchScreen.storyboard; sourceTree = "<group>"; };
		52355B7E2BC45A6E0027035C /* Info.plist */ = {isa = PBXFileReference; lastKnownFileType = text.plist.xml; path = Info.plist; sourceTree = "<group>"; };
		52355BA32BC4FA860027035C /* FlowCoordinator.swift */ = {isa = PBXFileReference; lastKnownFileType = sourcecode.swift; path = FlowCoordinator.swift; sourceTree = "<group>"; };
		52355BA52BC4FD470027035C /* AppCoordinator.swift */ = {isa = PBXFileReference; lastKnownFileType = sourcecode.swift; path = AppCoordinator.swift; sourceTree = "<group>"; };
		52355BA72BC4FE0F0027035C /* AppAssembly.swift */ = {isa = PBXFileReference; lastKnownFileType = sourcecode.swift; path = AppAssembly.swift; sourceTree = "<group>"; };
		52355BAB2BC4FE8C0027035C /* AuthManager.swift */ = {isa = PBXFileReference; lastKnownFileType = sourcecode.swift; path = AuthManager.swift; sourceTree = "<group>"; };
		52355BAF2BC50DD20027035C /* LoginPresenter.swift */ = {isa = PBXFileReference; lastKnownFileType = sourcecode.swift; path = LoginPresenter.swift; sourceTree = "<group>"; };
		52355BB12BC50DD20027035C /* LoginViewController.swift */ = {isa = PBXFileReference; lastKnownFileType = sourcecode.swift; path = LoginViewController.swift; sourceTree = "<group>"; };
		52355BB22BC50DD20027035C /* LoginAssembly.swift */ = {isa = PBXFileReference; lastKnownFileType = sourcecode.swift; path = LoginAssembly.swift; sourceTree = "<group>"; };
		52355BBB2BC50ED30027035C /* NumberPresenter.swift */ = {isa = PBXFileReference; lastKnownFileType = sourcecode.swift; path = NumberPresenter.swift; sourceTree = "<group>"; };
		52355BBD2BC50ED30027035C /* NumberViewController.swift */ = {isa = PBXFileReference; lastKnownFileType = sourcecode.swift; path = NumberViewController.swift; sourceTree = "<group>"; };
		52355BBE2BC50ED30027035C /* NumberAssembly.swift */ = {isa = PBXFileReference; lastKnownFileType = sourcecode.swift; path = NumberAssembly.swift; sourceTree = "<group>"; };
		52355BC32BC50EDE0027035C /* CodePresenter.swift */ = {isa = PBXFileReference; lastKnownFileType = sourcecode.swift; path = CodePresenter.swift; sourceTree = "<group>"; };
		52355BC52BC50EDE0027035C /* CodeViewController.swift */ = {isa = PBXFileReference; lastKnownFileType = sourcecode.swift; path = CodeViewController.swift; sourceTree = "<group>"; };
		52355BC62BC50EDE0027035C /* CodeAssembly.swift */ = {isa = PBXFileReference; lastKnownFileType = sourcecode.swift; path = CodeAssembly.swift; sourceTree = "<group>"; };
		52355BCB2BC50EE80027035C /* PasswordPresenter.swift */ = {isa = PBXFileReference; lastKnownFileType = sourcecode.swift; path = PasswordPresenter.swift; sourceTree = "<group>"; };
		52355BCD2BC50EE80027035C /* PasswordViewController.swift */ = {isa = PBXFileReference; lastKnownFileType = sourcecode.swift; path = PasswordViewController.swift; sourceTree = "<group>"; };
		52355BCE2BC50EE80027035C /* PasswordAssembly.swift */ = {isa = PBXFileReference; lastKnownFileType = sourcecode.swift; path = PasswordAssembly.swift; sourceTree = "<group>"; };
		52355BD42BC51D9E0027035C /* HomePresenter.swift */ = {isa = PBXFileReference; lastKnownFileType = sourcecode.swift; path = HomePresenter.swift; sourceTree = "<group>"; };
		52355BD52BC51D9E0027035C /* HomeRouter.swift */ = {isa = PBXFileReference; lastKnownFileType = sourcecode.swift; path = HomeRouter.swift; sourceTree = "<group>"; };
		52355BD62BC51D9E0027035C /* HomeViewController.swift */ = {isa = PBXFileReference; lastKnownFileType = sourcecode.swift; path = HomeViewController.swift; sourceTree = "<group>"; };
		52355BD72BC51D9E0027035C /* HomeAssembly.swift */ = {isa = PBXFileReference; lastKnownFileType = sourcecode.swift; path = HomeAssembly.swift; sourceTree = "<group>"; };
		52355BDC2BC51DC90027035C /* AuthCoordinator.swift */ = {isa = PBXFileReference; lastKnownFileType = sourcecode.swift; path = AuthCoordinator.swift; sourceTree = "<group>"; };
		52550CF52BC567C6008CE849 /* KeychainManager.swift */ = {isa = PBXFileReference; lastKnownFileType = sourcecode.swift; path = KeychainManager.swift; sourceTree = "<group>"; };
		5269DB5F2BC6E559003B649E /* TabBarController.swift */ = {isa = PBXFileReference; lastKnownFileType = sourcecode.swift; path = TabBarController.swift; sourceTree = "<group>"; };
		5269DB622BC6E670003B649E /* SettingsPresenter.swift */ = {isa = PBXFileReference; lastKnownFileType = sourcecode.swift; path = SettingsPresenter.swift; sourceTree = "<group>"; };
		5269DB632BC6E670003B649E /* SettingsRouter.swift */ = {isa = PBXFileReference; lastKnownFileType = sourcecode.swift; path = SettingsRouter.swift; sourceTree = "<group>"; };
		5269DB642BC6E670003B649E /* SettingsViewController.swift */ = {isa = PBXFileReference; lastKnownFileType = sourcecode.swift; path = SettingsViewController.swift; sourceTree = "<group>"; };
		5269DB652BC6E670003B649E /* SettingsAssembly.swift */ = {isa = PBXFileReference; lastKnownFileType = sourcecode.swift; path = SettingsAssembly.swift; sourceTree = "<group>"; };
		527D34F72BCAAA4300BA5B0B /* TableMessageCell.swift */ = {isa = PBXFileReference; lastKnownFileType = sourcecode.swift; path = TableMessageCell.swift; sourceTree = "<group>"; };
		527D34FA2BCB965600BA5B0B /* AppColor.swift */ = {isa = PBXFileReference; lastKnownFileType = sourcecode.swift; path = AppColor.swift; sourceTree = "<group>"; };
		527D34FF2BCBA72200BA5B0B /* PostPresenter.swift */ = {isa = PBXFileReference; lastKnownFileType = sourcecode.swift; path = PostPresenter.swift; sourceTree = "<group>"; };
		527D35002BCBA72200BA5B0B /* PostRouter.swift */ = {isa = PBXFileReference; lastKnownFileType = sourcecode.swift; path = PostRouter.swift; sourceTree = "<group>"; };
		527D35012BCBA72200BA5B0B /* PostViewController.swift */ = {isa = PBXFileReference; lastKnownFileType = sourcecode.swift; path = PostViewController.swift; sourceTree = "<group>"; };
		527D35022BCBA72200BA5B0B /* PostAssembly.swift */ = {isa = PBXFileReference; lastKnownFileType = sourcecode.swift; path = PostAssembly.swift; sourceTree = "<group>"; };
		527D35082BCBAB8500BA5B0B /* NewPostPresenter.swift */ = {isa = PBXFileReference; lastKnownFileType = sourcecode.swift; path = NewPostPresenter.swift; sourceTree = "<group>"; };
		527D35092BCBAB8500BA5B0B /* NewPostRouter.swift */ = {isa = PBXFileReference; lastKnownFileType = sourcecode.swift; path = NewPostRouter.swift; sourceTree = "<group>"; };
		527D350A2BCBAB8500BA5B0B /* NewPostViewController.swift */ = {isa = PBXFileReference; lastKnownFileType = sourcecode.swift; path = NewPostViewController.swift; sourceTree = "<group>"; };
		527D350B2BCBAB8500BA5B0B /* NewPostAssembly.swift */ = {isa = PBXFileReference; lastKnownFileType = sourcecode.swift; path = NewPostAssembly.swift; sourceTree = "<group>"; };
		527D35122BCBCFED00BA5B0B /* ChannelsPresenter.swift */ = {isa = PBXFileReference; lastKnownFileType = sourcecode.swift; path = ChannelsPresenter.swift; sourceTree = "<group>"; };
		527D35132BCBCFED00BA5B0B /* ChannelsRouter.swift */ = {isa = PBXFileReference; lastKnownFileType = sourcecode.swift; path = ChannelsRouter.swift; sourceTree = "<group>"; };
		527D35142BCBCFED00BA5B0B /* ChannelsViewController.swift */ = {isa = PBXFileReference; lastKnownFileType = sourcecode.swift; path = ChannelsViewController.swift; sourceTree = "<group>"; };
		527D35152BCBCFED00BA5B0B /* ChannelsAssembly.swift */ = {isa = PBXFileReference; lastKnownFileType = sourcecode.swift; path = ChannelsAssembly.swift; sourceTree = "<group>"; };
		527D351B2BCBDBAA00BA5B0B /* AlertFactory.swift */ = {isa = PBXFileReference; lastKnownFileType = sourcecode.swift; path = AlertFactory.swift; sourceTree = "<group>"; };
		52AA95772BD2D3E7001C33FD /* UISettingsButton.swift */ = {isa = PBXFileReference; lastKnownFileType = sourcecode.swift; path = UISettingsButton.swift; sourceTree = "<group>"; };
		52D43D5F2BC85ED9006ED01D /* DateViewCell.swift */ = {isa = PBXFileReference; lastKnownFileType = sourcecode.swift; path = DateViewCell.swift; sourceTree = "<group>"; };
		52D43D612BC85EFF006ED01D /* CalendarHelper.swift */ = {isa = PBXFileReference; lastKnownFileType = sourcecode.swift; path = CalendarHelper.swift; sourceTree = "<group>"; };
		52E770822BC653E400657E8D /* UIVerifyTextField.swift */ = {isa = PBXFileReference; lastKnownFileType = sourcecode.swift; path = UIVerifyTextField.swift; sourceTree = "<group>"; };
		52E770842BC653ED00657E8D /* UIVerifyView.swift */ = {isa = PBXFileReference; lastKnownFileType = sourcecode.swift; path = UIVerifyView.swift; sourceTree = "<group>"; };
		52E770862BC6657B00657E8D /* openapi-generator-config.yaml */ = {isa = PBXFileReference; fileEncoding = 4; lastKnownFileType = text.yaml; path = "openapi-generator-config.yaml"; sourceTree = "<group>"; };
		52E770872BC6657B00657E8D /* openapi.yaml */ = {isa = PBXFileReference; fileEncoding = 4; lastKnownFileType = text.yaml; path = openapi.yaml; sourceTree = "<group>"; };
		52E7708D2BC6680500657E8D /* NetworkService.swift */ = {isa = PBXFileReference; lastKnownFileType = sourcecode.swift; path = NetworkService.swift; sourceTree = "<group>"; };
/* End PBXFileReference section */

/* Begin PBXFrameworksBuildPhase section */
		52355B6A2BC45A6B0027035C /* Frameworks */ = {
			isa = PBXFrameworksBuildPhase;
			buildActionMask = 2147483647;
			files = (
				52550CF22BC5639D008CE849 /* OpenAPIURLSession in Frameworks */,
				52550CEF2BC56386008CE849 /* OpenAPIRuntime in Frameworks */,
				52AA95722BD2C48D001C33FD /* SnapKit-Dynamic in Frameworks */,
			);
			runOnlyForDeploymentPostprocessing = 0;
		};
/* End PBXFrameworksBuildPhase section */

/* Begin PBXGroup section */
		52355B642BC45A6B0027035C = {
			isa = PBXGroup;
			children = (
				52355B6F2BC45A6B0027035C /* Defer */,
				52355B6E2BC45A6B0027035C /* Products */,
			);
			sourceTree = "<group>";
		};
		52355B6E2BC45A6B0027035C /* Products */ = {
			isa = PBXGroup;
			children = (
				52355B6D2BC45A6B0027035C /* Defer.app */,
			);
			name = Products;
			sourceTree = "<group>";
		};
		52355B6F2BC45A6B0027035C /* Defer */ = {
			isa = PBXGroup;
			children = (
				52E770862BC6657B00657E8D /* openapi-generator-config.yaml */,
				52E770872BC6657B00657E8D /* openapi.yaml */,
				52355B842BC460E20027035C /* Application */,
				52355BA92BC4FE6D0027035C /* Manager */,
				52355BAA2BC4FE790027035C /* API */,
				52D43D632BC85FC1006ED01D /* Extentions */,
				52355B852BC460F30027035C /* Views */,
				52355B862BC461090027035C /* Controllers */,
				52355B7E2BC45A6E0027035C /* Info.plist */,
			);
			path = Defer;
			sourceTree = "<group>";
		};
		52355B842BC460E20027035C /* Application */ = {
			isa = PBXGroup;
			children = (
				52355B702BC45A6B0027035C /* AppDelegate.swift */,
				52355B722BC45A6B0027035C /* SceneDelegate.swift */,
				52355BA72BC4FE0F0027035C /* AppAssembly.swift */,
				52355BDE2BC51DE00027035C /* Navigation */,
			);
			path = Application;
			sourceTree = "<group>";
		};
		52355B852BC460F30027035C /* Views */ = {
			isa = PBXGroup;
			children = (
				52355B792BC45A6E0027035C /* Assets.xcassets */,
				52355B7B2BC45A6E0027035C /* LaunchScreen.storyboard */,
			);
			path = Views;
			sourceTree = "<group>";
		};
		52355B862BC461090027035C /* Controllers */ = {
			isa = PBXGroup;
			children = (
				52355B742BC45A6B0027035C /* ViewController.swift */,
				52355BAD2BC5077C0027035C /* AuthFlow */,
				52355BAE2BC507890027035C /* MainFlow */,
			);
			path = Controllers;
			sourceTree = "<group>";
		};
		52355BA92BC4FE6D0027035C /* Manager */ = {
			isa = PBXGroup;
			children = (
				52355BAB2BC4FE8C0027035C /* AuthManager.swift */,
				52550CF52BC567C6008CE849 /* KeychainManager.swift */,
			);
			path = Manager;
			sourceTree = "<group>";
		};
		52355BAA2BC4FE790027035C /* API */ = {
			isa = PBXGroup;
			children = (
				52E7708D2BC6680500657E8D /* NetworkService.swift */,
			);
			path = API;
			sourceTree = "<group>";
		};
		52355BAD2BC5077C0027035C /* AuthFlow */ = {
			isa = PBXGroup;
			children = (
				52355BDC2BC51DC90027035C /* AuthCoordinator.swift */,
				52355BB72BC50DDD0027035C /* LoginModule */,
				52355BB82BC50DE70027035C /* NumberModule */,
				52355BB92BC50E9A0027035C /* CodeModule */,
				52355BBA2BC50EA60027035C /* PasswordModule */,
			);
			path = AuthFlow;
			sourceTree = "<group>";
		};
		52355BAE2BC507890027035C /* MainFlow */ = {
			isa = PBXGroup;
			children = (
				5269DB5F2BC6E559003B649E /* TabBarController.swift */,
				527D351B2BCBDBAA00BA5B0B /* AlertFactory.swift */,
				52355BD32BC51D430027035C /* HomeModule */,
				527D34FD2BCB9F1D00BA5B0B /* PostModule */,
				527D35072BCBAB7100BA5B0B /* NewPostModule */,
				527D35102BCBCFDE00BA5B0B /* ChannelsModule */,
				5269DB612BC6E65A003B649E /* SettingsModule */,
			);
			path = MainFlow;
			sourceTree = "<group>";
		};
		52355BB72BC50DDD0027035C /* LoginModule */ = {
			isa = PBXGroup;
			children = (
				52355BB12BC50DD20027035C /* LoginViewController.swift */,
				52355BAF2BC50DD20027035C /* LoginPresenter.swift */,
				52355BB22BC50DD20027035C /* LoginAssembly.swift */,
			);
			path = LoginModule;
			sourceTree = "<group>";
		};
		52355BB82BC50DE70027035C /* NumberModule */ = {
			isa = PBXGroup;
			children = (
				52355BBD2BC50ED30027035C /* NumberViewController.swift */,
				52355BBB2BC50ED30027035C /* NumberPresenter.swift */,
				52355BBE2BC50ED30027035C /* NumberAssembly.swift */,
			);
			path = NumberModule;
			sourceTree = "<group>";
		};
		52355BB92BC50E9A0027035C /* CodeModule */ = {
			isa = PBXGroup;
			children = (
				52355BC52BC50EDE0027035C /* CodeViewController.swift */,
				52355BC32BC50EDE0027035C /* CodePresenter.swift */,
				52355BC62BC50EDE0027035C /* CodeAssembly.swift */,
				52E770812BC653CE00657E8D /* CodeField */,
			);
			path = CodeModule;
			sourceTree = "<group>";
		};
		52355BBA2BC50EA60027035C /* PasswordModule */ = {
			isa = PBXGroup;
			children = (
				52355BCD2BC50EE80027035C /* PasswordViewController.swift */,
				52355BCB2BC50EE80027035C /* PasswordPresenter.swift */,
				52355BCE2BC50EE80027035C /* PasswordAssembly.swift */,
			);
			path = PasswordModule;
			sourceTree = "<group>";
		};
		52355BD32BC51D430027035C /* HomeModule */ = {
			isa = PBXGroup;
			children = (
				52355BD62BC51D9E0027035C /* HomeViewController.swift */,
				52355BD42BC51D9E0027035C /* HomePresenter.swift */,
				52355BD52BC51D9E0027035C /* HomeRouter.swift */,
				52355BD72BC51D9E0027035C /* HomeAssembly.swift */,
				52D43D5D2BC85EC6006ED01D /* Cells */,
			);
			path = HomeModule;
			sourceTree = "<group>";
		};
		52355BDE2BC51DE00027035C /* Navigation */ = {
			isa = PBXGroup;
			children = (
				52355BA32BC4FA860027035C /* FlowCoordinator.swift */,
				52355BA52BC4FD470027035C /* AppCoordinator.swift */,
			);
			path = Navigation;
			sourceTree = "<group>";
		};
		5269DB612BC6E65A003B649E /* SettingsModule */ = {
			isa = PBXGroup;
			children = (
				5269DB642BC6E670003B649E /* SettingsViewController.swift */,
				5269DB622BC6E670003B649E /* SettingsPresenter.swift */,
				5269DB632BC6E670003B649E /* SettingsRouter.swift */,
				5269DB652BC6E670003B649E /* SettingsAssembly.swift */,
				52AA957A2BD2D3EC001C33FD /* Views */,
			);
			path = SettingsModule;
			sourceTree = "<group>";
		};
		527D34FD2BCB9F1D00BA5B0B /* PostModule */ = {
			isa = PBXGroup;
			children = (
				527D35012BCBA72200BA5B0B /* PostViewController.swift */,
				527D34FF2BCBA72200BA5B0B /* PostPresenter.swift */,
				527D35002BCBA72200BA5B0B /* PostRouter.swift */,
				527D35022BCBA72200BA5B0B /* PostAssembly.swift */,
			);
			path = PostModule;
			sourceTree = "<group>";
		};
		527D35072BCBAB7100BA5B0B /* NewPostModule */ = {
			isa = PBXGroup;
			children = (
				527D350A2BCBAB8500BA5B0B /* NewPostViewController.swift */,
				527D35082BCBAB8500BA5B0B /* NewPostPresenter.swift */,
				527D35092BCBAB8500BA5B0B /* NewPostRouter.swift */,
				527D350B2BCBAB8500BA5B0B /* NewPostAssembly.swift */,
			);
			path = NewPostModule;
			sourceTree = "<group>";
		};
		527D35102BCBCFDE00BA5B0B /* ChannelsModule */ = {
			isa = PBXGroup;
			children = (
				527D35142BCBCFED00BA5B0B /* ChannelsViewController.swift */,
				527D35122BCBCFED00BA5B0B /* ChannelsPresenter.swift */,
				527D35132BCBCFED00BA5B0B /* ChannelsRouter.swift */,
				527D35152BCBCFED00BA5B0B /* ChannelsAssembly.swift */,
			);
			path = ChannelsModule;
			sourceTree = "<group>";
		};
		52AA957A2BD2D3EC001C33FD /* Views */ = {
			isa = PBXGroup;
			children = (
				52AA95772BD2D3E7001C33FD /* UISettingsButton.swift */,
			);
			path = Views;
			sourceTree = "<group>";
		};
		52D43D5D2BC85EC6006ED01D /* Cells */ = {
			isa = PBXGroup;
			children = (
				52D43D5F2BC85ED9006ED01D /* DateViewCell.swift */,
				527D34F72BCAAA4300BA5B0B /* TableMessageCell.swift */,
			);
			path = Cells;
			sourceTree = "<group>";
		};
		52D43D632BC85FC1006ED01D /* Extentions */ = {
			isa = PBXGroup;
			children = (
				52D43D612BC85EFF006ED01D /* CalendarHelper.swift */,
				527D34FA2BCB965600BA5B0B /* AppColor.swift */,
			);
			path = Extentions;
			sourceTree = "<group>";
		};
		52E770812BC653CE00657E8D /* CodeField */ = {
			isa = PBXGroup;
			children = (
				52E770822BC653E400657E8D /* UIVerifyTextField.swift */,
				52E770842BC653ED00657E8D /* UIVerifyView.swift */,
			);
			path = CodeField;
			sourceTree = "<group>";
		};
/* End PBXGroup section */

/* Begin PBXNativeTarget section */
		52355B6C2BC45A6B0027035C /* Defer */ = {
			isa = PBXNativeTarget;
			buildConfigurationList = 52355B812BC45A6E0027035C /* Build configuration list for PBXNativeTarget "Defer" */;
			buildPhases = (
				52355B692BC45A6B0027035C /* Sources */,
				52355B6A2BC45A6B0027035C /* Frameworks */,
				52355B6B2BC45A6B0027035C /* Resources */,
				52F7CE9A2BCC595C00E33B7B /* Embed Frameworks */,
			);
			buildRules = (
			);
			dependencies = (
				52E7708B2BC665A800657E8D /* PBXTargetDependency */,
			);
			name = Defer;
			packageProductDependencies = (
				52550CEE2BC56386008CE849 /* OpenAPIRuntime */,
				52550CF12BC5639D008CE849 /* OpenAPIURLSession */,
				52AA95712BD2C48D001C33FD /* SnapKit-Dynamic */,
			);
			productName = Defer;
			productReference = 52355B6D2BC45A6B0027035C /* Defer.app */;
			productType = "com.apple.product-type.application";
		};
/* End PBXNativeTarget section */

/* Begin PBXProject section */
		52355B652BC45A6B0027035C /* Project object */ = {
			isa = PBXProject;
			attributes = {
				BuildIndependentTargetsInParallel = YES;
				LastSwiftUpdateCheck = 1510;
				LastUpgradeCheck = 1510;
				TargetAttributes = {
					52355B6C2BC45A6B0027035C = {
						CreatedOnToolsVersion = 15.1;
					};
				};
			};
			buildConfigurationList = 52355B682BC45A6B0027035C /* Build configuration list for PBXProject "Defer" */;
			compatibilityVersion = "Xcode 14.0";
			developmentRegion = en;
			hasScannedForEncodings = 0;
			knownRegions = (
				en,
				Base,
			);
			mainGroup = 52355B642BC45A6B0027035C;
			packageReferences = (
				52550CEC2BC56358008CE849 /* XCRemoteSwiftPackageReference "swift-openapi-generator" */,
				52550CED2BC56386008CE849 /* XCRemoteSwiftPackageReference "swift-openapi-runtime" */,
				52550CF02BC5639D008CE849 /* XCRemoteSwiftPackageReference "swift-openapi-urlsession" */,
				52AA95702BD2C48D001C33FD /* XCRemoteSwiftPackageReference "SnapKit" */,
			);
			productRefGroup = 52355B6E2BC45A6B0027035C /* Products */;
			projectDirPath = "";
			projectRoot = "";
			targets = (
				52355B6C2BC45A6B0027035C /* Defer */,
			);
		};
/* End PBXProject section */

/* Begin PBXResourcesBuildPhase section */
		52355B6B2BC45A6B0027035C /* Resources */ = {
			isa = PBXResourcesBuildPhase;
			buildActionMask = 2147483647;
			files = (
				52355B7D2BC45A6E0027035C /* LaunchScreen.storyboard in Resources */,
				52E770892BC6657B00657E8D /* openapi.yaml in Resources */,
				52355B7A2BC45A6E0027035C /* Assets.xcassets in Resources */,
				52E770882BC6657B00657E8D /* openapi-generator-config.yaml in Resources */,
			);
			runOnlyForDeploymentPostprocessing = 0;
		};
/* End PBXResourcesBuildPhase section */

/* Begin PBXSourcesBuildPhase section */
		52355B692BC45A6B0027035C /* Sources */ = {
			isa = PBXSourcesBuildPhase;
			buildActionMask = 2147483647;
			files = (
				52355BB32BC50DD30027035C /* LoginPresenter.swift in Sources */,
				52355BC72BC50EDE0027035C /* CodePresenter.swift in Sources */,
				52355BBF2BC50ED30027035C /* NumberPresenter.swift in Sources */,
				52355BD12BC50EE80027035C /* PasswordViewController.swift in Sources */,
				52550CF62BC567C6008CE849 /* KeychainManager.swift in Sources */,
				527D350F2BCBAB8500BA5B0B /* NewPostAssembly.swift in Sources */,
				52355BA42BC4FA860027035C /* FlowCoordinator.swift in Sources */,
				52D43D602BC85ED9006ED01D /* DateViewCell.swift in Sources */,
				52E7708E2BC6680500657E8D /* NetworkService.swift in Sources */,
				5269DB682BC6E670003B649E /* SettingsViewController.swift in Sources */,
				52355BAC2BC4FE8C0027035C /* AuthManager.swift in Sources */,
				527D351C2BCBDBAA00BA5B0B /* AlertFactory.swift in Sources */,
				52355B752BC45A6B0027035C /* ViewController.swift in Sources */,
				52355BDB2BC51D9E0027035C /* HomeAssembly.swift in Sources */,
				52355BA62BC4FD470027035C /* AppCoordinator.swift in Sources */,
				5269DB672BC6E670003B649E /* SettingsRouter.swift in Sources */,
				52355BDA2BC51D9E0027035C /* HomeViewController.swift in Sources */,
				52AA95782BD2D3E7001C33FD /* UISettingsButton.swift in Sources */,
				52355BD22BC50EE80027035C /* PasswordAssembly.swift in Sources */,
				527D35192BCBCFED00BA5B0B /* ChannelsAssembly.swift in Sources */,
				52355BCA2BC50EDE0027035C /* CodeAssembly.swift in Sources */,
				527D35182BCBCFED00BA5B0B /* ChannelsViewController.swift in Sources */,
				5269DB692BC6E670003B649E /* SettingsAssembly.swift in Sources */,
				527D34F82BCAAA4300BA5B0B /* TableMessageCell.swift in Sources */,
				527D35042BCBA72200BA5B0B /* PostRouter.swift in Sources */,
				52355BD92BC51D9E0027035C /* HomeRouter.swift in Sources */,
				52355BA82BC4FE0F0027035C /* AppAssembly.swift in Sources */,
				52D43D622BC85EFF006ED01D /* CalendarHelper.swift in Sources */,
				527D350C2BCBAB8500BA5B0B /* NewPostPresenter.swift in Sources */,
				527D35062BCBA72200BA5B0B /* PostAssembly.swift in Sources */,
				52355BDD2BC51DC90027035C /* AuthCoordinator.swift in Sources */,
				527D35052BCBA72200BA5B0B /* PostViewController.swift in Sources */,
				52355BD82BC51D9E0027035C /* HomePresenter.swift in Sources */,
				52355B712BC45A6B0027035C /* AppDelegate.swift in Sources */,
				52355BCF2BC50EE80027035C /* PasswordPresenter.swift in Sources */,
				52355BB52BC50DD30027035C /* LoginViewController.swift in Sources */,
				52355B732BC45A6B0027035C /* SceneDelegate.swift in Sources */,
				52E770852BC653ED00657E8D /* UIVerifyView.swift in Sources */,
				527D350E2BCBAB8500BA5B0B /* NewPostViewController.swift in Sources */,
				5269DB602BC6E559003B649E /* TabBarController.swift in Sources */,
				527D35162BCBCFED00BA5B0B /* ChannelsPresenter.swift in Sources */,
				527D35172BCBCFED00BA5B0B /* ChannelsRouter.swift in Sources */,
				52355BB62BC50DD30027035C /* LoginAssembly.swift in Sources */,
				527D350D2BCBAB8500BA5B0B /* NewPostRouter.swift in Sources */,
				52E770832BC653E400657E8D /* UIVerifyTextField.swift in Sources */,
				527D35032BCBA72200BA5B0B /* PostPresenter.swift in Sources */,
				52355BC92BC50EDE0027035C /* CodeViewController.swift in Sources */,
				527D34FB2BCB965600BA5B0B /* AppColor.swift in Sources */,
				52355BC22BC50ED30027035C /* NumberAssembly.swift in Sources */,
				52355BC12BC50ED30027035C /* NumberViewController.swift in Sources */,
				5269DB662BC6E670003B649E /* SettingsPresenter.swift in Sources */,
			);
			runOnlyForDeploymentPostprocessing = 0;
		};
/* End PBXSourcesBuildPhase section */

/* Begin PBXTargetDependency section */
		52E7708B2BC665A800657E8D /* PBXTargetDependency */ = {
			isa = PBXTargetDependency;
			productRef = 52E7708A2BC665A800657E8D /* OpenAPIGenerator */;
		};
/* End PBXTargetDependency section */

/* Begin PBXVariantGroup section */
		52355B7B2BC45A6E0027035C /* LaunchScreen.storyboard */ = {
			isa = PBXVariantGroup;
			children = (
				52355B7C2BC45A6E0027035C /* Base */,
			);
			name = LaunchScreen.storyboard;
			sourceTree = "<group>";
		};
/* End PBXVariantGroup section */

/* Begin XCBuildConfiguration section */
		52355B7F2BC45A6E0027035C /* Debug */ = {
			isa = XCBuildConfiguration;
			buildSettings = {
				ALWAYS_SEARCH_USER_PATHS = NO;
				ASSETCATALOG_COMPILER_GENERATE_SWIFT_ASSET_SYMBOL_EXTENSIONS = YES;
				CLANG_ANALYZER_NONNULL = YES;
				CLANG_ANALYZER_NUMBER_OBJECT_CONVERSION = YES_AGGRESSIVE;
				CLANG_CXX_LANGUAGE_STANDARD = "gnu++20";
				CLANG_ENABLE_MODULES = YES;
				CLANG_ENABLE_OBJC_ARC = YES;
				CLANG_ENABLE_OBJC_WEAK = YES;
				CLANG_WARN_BLOCK_CAPTURE_AUTORELEASING = YES;
				CLANG_WARN_BOOL_CONVERSION = YES;
				CLANG_WARN_COMMA = YES;
				CLANG_WARN_CONSTANT_CONVERSION = YES;
				CLANG_WARN_DEPRECATED_OBJC_IMPLEMENTATIONS = YES;
				CLANG_WARN_DIRECT_OBJC_ISA_USAGE = YES_ERROR;
				CLANG_WARN_DOCUMENTATION_COMMENTS = YES;
				CLANG_WARN_EMPTY_BODY = YES;
				CLANG_WARN_ENUM_CONVERSION = YES;
				CLANG_WARN_INFINITE_RECURSION = YES;
				CLANG_WARN_INT_CONVERSION = YES;
				CLANG_WARN_NON_LITERAL_NULL_CONVERSION = YES;
				CLANG_WARN_OBJC_IMPLICIT_RETAIN_SELF = YES;
				CLANG_WARN_OBJC_LITERAL_CONVERSION = YES;
				CLANG_WARN_OBJC_ROOT_CLASS = YES_ERROR;
				CLANG_WARN_QUOTED_INCLUDE_IN_FRAMEWORK_HEADER = YES;
				CLANG_WARN_RANGE_LOOP_ANALYSIS = YES;
				CLANG_WARN_STRICT_PROTOTYPES = YES;
				CLANG_WARN_SUSPICIOUS_MOVE = YES;
				CLANG_WARN_UNGUARDED_AVAILABILITY = YES_AGGRESSIVE;
				CLANG_WARN_UNREACHABLE_CODE = YES;
				CLANG_WARN__DUPLICATE_METHOD_MATCH = YES;
				COPY_PHASE_STRIP = NO;
				DEBUG_INFORMATION_FORMAT = dwarf;
				ENABLE_STRICT_OBJC_MSGSEND = YES;
				ENABLE_TESTABILITY = YES;
				ENABLE_USER_SCRIPT_SANDBOXING = NO;
				GCC_C_LANGUAGE_STANDARD = gnu17;
				GCC_DYNAMIC_NO_PIC = NO;
				GCC_NO_COMMON_BLOCKS = YES;
				GCC_OPTIMIZATION_LEVEL = 0;
				GCC_PREPROCESSOR_DEFINITIONS = (
					"DEBUG=1",
					"$(inherited)",
				);
				GCC_WARN_64_TO_32_BIT_CONVERSION = YES;
				GCC_WARN_ABOUT_RETURN_TYPE = YES_ERROR;
				GCC_WARN_UNDECLARED_SELECTOR = YES;
				GCC_WARN_UNINITIALIZED_AUTOS = YES_AGGRESSIVE;
				GCC_WARN_UNUSED_FUNCTION = YES;
				GCC_WARN_UNUSED_VARIABLE = YES;
				IPHONEOS_DEPLOYMENT_TARGET = 15.0;
				LOCALIZATION_PREFERS_STRING_CATALOGS = YES;
				MTL_ENABLE_DEBUG_INFO = INCLUDE_SOURCE;
				MTL_FAST_MATH = YES;
				ONLY_ACTIVE_ARCH = YES;
				SDKROOT = iphoneos;
				SWIFT_ACTIVE_COMPILATION_CONDITIONS = "DEBUG $(inherited)";
				SWIFT_OPTIMIZATION_LEVEL = "-Onone";
			};
			name = Debug;
		};
		52355B802BC45A6E0027035C /* Release */ = {
			isa = XCBuildConfiguration;
			buildSettings = {
				ALWAYS_SEARCH_USER_PATHS = NO;
				ASSETCATALOG_COMPILER_GENERATE_SWIFT_ASSET_SYMBOL_EXTENSIONS = YES;
				CLANG_ANALYZER_NONNULL = YES;
				CLANG_ANALYZER_NUMBER_OBJECT_CONVERSION = YES_AGGRESSIVE;
				CLANG_CXX_LANGUAGE_STANDARD = "gnu++20";
				CLANG_ENABLE_MODULES = YES;
				CLANG_ENABLE_OBJC_ARC = YES;
				CLANG_ENABLE_OBJC_WEAK = YES;
				CLANG_WARN_BLOCK_CAPTURE_AUTORELEASING = YES;
				CLANG_WARN_BOOL_CONVERSION = YES;
				CLANG_WARN_COMMA = YES;
				CLANG_WARN_CONSTANT_CONVERSION = YES;
				CLANG_WARN_DEPRECATED_OBJC_IMPLEMENTATIONS = YES;
				CLANG_WARN_DIRECT_OBJC_ISA_USAGE = YES_ERROR;
				CLANG_WARN_DOCUMENTATION_COMMENTS = YES;
				CLANG_WARN_EMPTY_BODY = YES;
				CLANG_WARN_ENUM_CONVERSION = YES;
				CLANG_WARN_INFINITE_RECURSION = YES;
				CLANG_WARN_INT_CONVERSION = YES;
				CLANG_WARN_NON_LITERAL_NULL_CONVERSION = YES;
				CLANG_WARN_OBJC_IMPLICIT_RETAIN_SELF = YES;
				CLANG_WARN_OBJC_LITERAL_CONVERSION = YES;
				CLANG_WARN_OBJC_ROOT_CLASS = YES_ERROR;
				CLANG_WARN_QUOTED_INCLUDE_IN_FRAMEWORK_HEADER = YES;
				CLANG_WARN_RANGE_LOOP_ANALYSIS = YES;
				CLANG_WARN_STRICT_PROTOTYPES = YES;
				CLANG_WARN_SUSPICIOUS_MOVE = YES;
				CLANG_WARN_UNGUARDED_AVAILABILITY = YES_AGGRESSIVE;
				CLANG_WARN_UNREACHABLE_CODE = YES;
				CLANG_WARN__DUPLICATE_METHOD_MATCH = YES;
				COPY_PHASE_STRIP = NO;
				DEBUG_INFORMATION_FORMAT = "dwarf-with-dsym";
				ENABLE_NS_ASSERTIONS = NO;
				ENABLE_STRICT_OBJC_MSGSEND = YES;
				ENABLE_USER_SCRIPT_SANDBOXING = NO;
				GCC_C_LANGUAGE_STANDARD = gnu17;
				GCC_NO_COMMON_BLOCKS = YES;
				GCC_WARN_64_TO_32_BIT_CONVERSION = YES;
				GCC_WARN_ABOUT_RETURN_TYPE = YES_ERROR;
				GCC_WARN_UNDECLARED_SELECTOR = YES;
				GCC_WARN_UNINITIALIZED_AUTOS = YES_AGGRESSIVE;
				GCC_WARN_UNUSED_FUNCTION = YES;
				GCC_WARN_UNUSED_VARIABLE = YES;
				IPHONEOS_DEPLOYMENT_TARGET = 15.0;
				LOCALIZATION_PREFERS_STRING_CATALOGS = YES;
				MTL_ENABLE_DEBUG_INFO = NO;
				MTL_FAST_MATH = YES;
				ONLY_ACTIVE_ARCH = YES;
				SDKROOT = iphoneos;
				SWIFT_COMPILATION_MODE = wholemodule;
				VALIDATE_PRODUCT = YES;
			};
			name = Release;
		};
		52355B822BC45A6E0027035C /* Debug */ = {
			isa = XCBuildConfiguration;
			buildSettings = {
				ASSETCATALOG_COMPILER_APPICON_NAME = AppIcon;
				ASSETCATALOG_COMPILER_GLOBAL_ACCENT_COLOR_NAME = AccentColor;
				CODE_SIGN_IDENTITY = "Apple Development";
				CODE_SIGN_STYLE = Automatic;
				CURRENT_PROJECT_VERSION = 1;
				DEVELOPMENT_TEAM = 8YJ26SYSQ5;
				GENERATE_INFOPLIST_FILE = YES;
				INFOPLIST_FILE = Defer/Info.plist;
				INFOPLIST_KEY_UIApplicationSupportsIndirectInputEvents = YES;
				INFOPLIST_KEY_UILaunchStoryboardName = LaunchScreen;
				INFOPLIST_KEY_UISupportedInterfaceOrientations = UIInterfaceOrientationPortrait;
				IPHONEOS_DEPLOYMENT_TARGET = 15.0;
				LD_RUNPATH_SEARCH_PATHS = (
					"$(inherited)",
					"@executable_path/Frameworks",
				);
				MARKETING_VERSION = 1.0;
				PRODUCT_BUNDLE_IDENTIFIER = vanyaluk.Defer;
				PRODUCT_NAME = "$(TARGET_NAME)";
				PROVISIONING_PROFILE_SPECIFIER = "";
				SUPPORTED_PLATFORMS = "iphoneos iphonesimulator";
				SUPPORTS_MACCATALYST = NO;
				SUPPORTS_MAC_DESIGNED_FOR_IPHONE_IPAD = NO;
				SWIFT_EMIT_LOC_STRINGS = YES;
				SWIFT_VERSION = 5.0;
				TARGETED_DEVICE_FAMILY = 1;
			};
			name = Debug;
		};
		52355B832BC45A6E0027035C /* Release */ = {
			isa = XCBuildConfiguration;
			buildSettings = {
				ASSETCATALOG_COMPILER_APPICON_NAME = AppIcon;
				ASSETCATALOG_COMPILER_GLOBAL_ACCENT_COLOR_NAME = AccentColor;
				CODE_SIGN_IDENTITY = "Apple Development";
				CODE_SIGN_STYLE = Automatic;
				CURRENT_PROJECT_VERSION = 1;
				DEVELOPMENT_TEAM = 8YJ26SYSQ5;
				GENERATE_INFOPLIST_FILE = YES;
				INFOPLIST_FILE = Defer/Info.plist;
				INFOPLIST_KEY_UIApplicationSupportsIndirectInputEvents = YES;
				INFOPLIST_KEY_UILaunchStoryboardName = LaunchScreen;
				INFOPLIST_KEY_UISupportedInterfaceOrientations = UIInterfaceOrientationPortrait;
				IPHONEOS_DEPLOYMENT_TARGET = 15.0;
				LD_RUNPATH_SEARCH_PATHS = (
					"$(inherited)",
					"@executable_path/Frameworks",
				);
				MARKETING_VERSION = 1.0;
				PRODUCT_BUNDLE_IDENTIFIER = vanyaluk.Defer;
				PRODUCT_NAME = "$(TARGET_NAME)";
				PROVISIONING_PROFILE_SPECIFIER = "";
				SUPPORTED_PLATFORMS = "iphoneos iphonesimulator";
				SUPPORTS_MACCATALYST = NO;
				SUPPORTS_MAC_DESIGNED_FOR_IPHONE_IPAD = NO;
				SWIFT_EMIT_LOC_STRINGS = YES;
				SWIFT_VERSION = 5.0;
				TARGETED_DEVICE_FAMILY = 1;
			};
			name = Release;
		};
/* End XCBuildConfiguration section */

/* Begin XCConfigurationList section */
		52355B682BC45A6B0027035C /* Build configuration list for PBXProject "Defer" */ = {
			isa = XCConfigurationList;
			buildConfigurations = (
				52355B7F2BC45A6E0027035C /* Debug */,
				52355B802BC45A6E0027035C /* Release */,
			);
			defaultConfigurationIsVisible = 0;
			defaultConfigurationName = Release;
		};
		52355B812BC45A6E0027035C /* Build configuration list for PBXNativeTarget "Defer" */ = {
			isa = XCConfigurationList;
			buildConfigurations = (
				52355B822BC45A6E0027035C /* Debug */,
				52355B832BC45A6E0027035C /* Release */,
			);
			defaultConfigurationIsVisible = 0;
			defaultConfigurationName = Release;
		};
/* End XCConfigurationList section */

/* Begin XCRemoteSwiftPackageReference section */
		52550CEC2BC56358008CE849 /* XCRemoteSwiftPackageReference "swift-openapi-generator" */ = {
			isa = XCRemoteSwiftPackageReference;
			repositoryURL = "https://github.com/apple/swift-openapi-generator";
			requirement = {
				kind = upToNextMajorVersion;
				minimumVersion = 1.2.1;
			};
		};
		52550CED2BC56386008CE849 /* XCRemoteSwiftPackageReference "swift-openapi-runtime" */ = {
			isa = XCRemoteSwiftPackageReference;
			repositoryURL = "https://github.com/apple/swift-openapi-runtime";
			requirement = {
				kind = upToNextMajorVersion;
				minimumVersion = 1.3.2;
			};
		};
		52550CF02BC5639D008CE849 /* XCRemoteSwiftPackageReference "swift-openapi-urlsession" */ = {
			isa = XCRemoteSwiftPackageReference;
			repositoryURL = "https://github.com/apple/swift-openapi-urlsession";
			requirement = {
				kind = upToNextMajorVersion;
				minimumVersion = 1.0.1;
			};
		};
		52AA95702BD2C48D001C33FD /* XCRemoteSwiftPackageReference "SnapKit" */ = {
			isa = XCRemoteSwiftPackageReference;
			repositoryURL = "https://github.com/SnapKit/SnapKit.git";
			requirement = {
				kind = upToNextMajorVersion;
				minimumVersion = 5.7.1;
			};
		};
/* End XCRemoteSwiftPackageReference section */

/* Begin XCSwiftPackageProductDependency section */
		52550CEE2BC56386008CE849 /* OpenAPIRuntime */ = {
			isa = XCSwiftPackageProductDependency;
			package = 52550CED2BC56386008CE849 /* XCRemoteSwiftPackageReference "swift-openapi-runtime" */;
			productName = OpenAPIRuntime;
		};
		52550CF12BC5639D008CE849 /* OpenAPIURLSession */ = {
			isa = XCSwiftPackageProductDependency;
			package = 52550CF02BC5639D008CE849 /* XCRemoteSwiftPackageReference "swift-openapi-urlsession" */;
			productName = OpenAPIURLSession;
		};
		52AA95712BD2C48D001C33FD /* SnapKit-Dynamic */ = {
			isa = XCSwiftPackageProductDependency;
			package = 52AA95702BD2C48D001C33FD /* XCRemoteSwiftPackageReference "SnapKit" */;
			productName = "SnapKit-Dynamic";
		};
		52E7708A2BC665A800657E8D /* OpenAPIGenerator */ = {
			isa = XCSwiftPackageProductDependency;
			package = 52550CEC2BC56358008CE849 /* XCRemoteSwiftPackageReference "swift-openapi-generator" */;
			productName = "plugin:OpenAPIGenerator";
		};
/* End XCSwiftPackageProductDependency section */
	};
	rootObject = 52355B652BC45A6B0027035C /* Project object */;
}
